
Microsoft Visual Studio Solution File, Format Version 12.00
# Visual Studio Version 17
VisualStudioVersion = 17.5.33530.505
MinimumVisualStudioVersion = 10.0.40219.1
Project("{FAE04EC0-301F-11D3-BF4B-00C04F79EFBC}") = "BucketList", "BucketList\BucketList.csproj", "{A55FB95D-6867-418D-A1EA-0E11B12F6131}"
EndProject
Global
	GlobalSection(SolutionConfigurationPlatforms) = preSolution
		Debug|Any CPU = Debug|Any CPU
		Release|Any CPU = Release|Any CPU
	EndGlobalSection
	GlobalSection(ProjectConfigurationPlatforms) = postSolution
		{A55FB95D-6867-418D-A1EA-0E11B12F6131}.Debug|Any CPU.ActiveCfg = Debug|Any CPU
		{A55FB95D-6867-418D-A1EA-0E11B12F6131}.Debug|Any CPU.Build.0 = Debug|Any CPU
		{A55FB95D-6867-418D-A1EA-0E11B12F6131}.Debug|Any CPU.Deploy.0 = Debug|Any CPU
		{A55FB95D-6867-418D-A1EA-0E11B12F6131}.Release|Any CPU.ActiveCfg = Release|Any CPU
		{A55FB95D-6867-418D-A1EA-0E11B12F6131}.Release|Any CPU.Build.0 = Release|Any CPU
		{A55FB95D-6867-418D-A1EA-0E11B12F6131}.Release|Any CPU.Deploy.0 = Release|Any CPU
	EndGlobalSection
	GlobalSection(SolutionProperties) = preSolution
		HideSolutionNode = FALSE
	EndGlobalSection
	GlobalSection(ExtensibilityGlobals) = postSolution
		SolutionGuid = {5AB33195-5071-468B-8C12-250CFB39F097}
	EndGlobalSection
EndGlobal
